{
  "nodes": {
    "argononed": {
      "flake": false,
      "locked": {
        "lastModified": 1729566243,
        "narHash": "sha256-DPNI0Dpk5aym3Baf5UbEe5GENDrSmmXVdriRSWE+rgk=",
        "owner": "nvmd",
        "repo": "argononed",
        "rev": "16dbee54d49b66d5654d228d1061246b440ef7cf",
        "type": "github"
      },
      "original": {
        "owner": "nvmd",
        "repo": "argononed",
        "type": "github"
      }
    },
    "bloom": {
      "inputs": {
        "nixpkgs": [
          "nixpkgs"
        ]
      },
      "locked": {
        "lastModified": 1787809442,
        "narHash": "sha256-OpV0Hb1zkbbRq/EGmIGKZ6foKh6lUCRMnwAhW/k5YbI=",
        "ref": "refs/tags/v0.2.1",
        "rev": "1ac2f87ac11e7d830ec9858a0a2e507a5a1f3590",
        "shallow": true,
        "type": "git",
        "url": "https://github.com/ahokinson/bloom.git"
      },
      "original": {
        "ref": "refs/tags/v0.2.1",
        "shallow": true,
        "type": "git",
        "url": "https://github.com/ahokinson/bloom.git"
      }
    },
    "busy-nas": {
      "inputs": {
        "nixpkgs": [
          "nixpkgs"
        ]
      },
      "locked": {
        "lastModified": 1788650775,
        "narHash": "sha256-1ZFQj9nc0LJqfNui2SnZPoK3fY22HgKZSkbrbBgNyI0=",
        "ref": "refs/tags/v0.1.3",
        "rev": "8aef2885e37a43bd2f28c7c6476fb2f27d3beb3a",
        "shallow": true,
        "type": "git",
        "url": "https://github.com/ahokinson/busy-nas.git"
      },
      "original": {
        "ref": "refs/tags/v0.1.3",
        "shallow": true,
        "type": "git",
        "url": "https://github.com/ahokinson/busy-nas.git"
      }
    },
    "catppuccin": {
      "inputs": {
        "nixpkgs": [
          "nixpkgs"
        ]
      },
      "locked": {
        "lastModified": 1788792980,
        "narHash": "sha256-TX/Z3PQZQVHgy4g9OZpflVpuazwturkGolsRDkFVHiU=",
        "ref": "refs/heads/main",
        "rev": "3142fdbeea0b181ad6600587dfe484ccb644dcc6",
        "shallow": true,
        "type": "git",
        "url": "https://github.com/catppuccin/nix.git"
      },
      "original": {
        "shallow": true,
        "type": "git",
        "url": "https://github.com/catppuccin/nix.git"
      }
    },
    "cerberus": {
      "inputs": {
        "cupcake": "cupcake",
        "nixpkgs": [
          "nixpkgs"
        ]
      },
      "locked": {
        "lastModified": 1787866821,
        "narHash": "sha256-FvaleED5UynTXdOGnkbJURqy/3rxbLUzDmsABhaFJ/A=",
        "ref": "refs/tags/v0.1.3",
        "rev": "9b97a5356c80e0222f8c701fb91ebc5444134058",
        "shallow": true,
        "type": "git",
        "url": "https://github.com/ahokinson/cerberus.git"
      },
      "original": {
        "ref": "refs/tags/v0.1.3",
        "shallow": true,
        "type": "git",
        "url": "https://github.com/ahokinson/cerberus.git"
      }
    },
    "clipleaks": {
      "inputs": {
        "nixpkgs": [
          "nixpkgs"
        ]
      },
      "locked": {
        "lastModified": 1787809476,
        "narHash": "sha256-PHPkypkG2qAkWbrdZRGbxmhgi9N4EhU8JJRvjXjhVkE=",
        "ref": "refs/tags/v0.1.2",
        "rev": "6216373a3e48588ed349350a37d7a92a16305627",
        "shallow": true,
        "type": "git",
        "url": "https://github.com/ahokinson/clipleaks.git"
      },
      "original": {
        "ref": "refs/tags/v0.1.2",
        "shallow": true,
        "type": "git",
        "url": "https://github.com/ahokinson/clipleaks.git"
      }
    },
    "cosmic-manager": {
      "inputs": {
        "flake-parts": "flake-parts",
        "home-manager": [
          "home-manager"
        ],
        "nixpkgs": [
          "nixpkgs"
        ]
      },
      "locked": {
        "lastModified": 1780178896,
        "narHash": "sha256-98aHwiGZcvb0VJUGE+lCS/zuGdFAlNvm8keIimuLOK0=",
        "ref": "refs/heads/main",
        "rev": "1630bbf792a95baffbd3169885580cd53a7027d8",
        "shallow": true,
        "type": "git",
        "url": "https://github.com/HeitorAugustoLN/cosmic-manager.git"
      },
      "original": {
        "shallow": true,
        "type": "git",
        "url": "https://github.com/HeitorAugustoLN/cosmic-manager.git"
      }
    },
    "crane": {
      "locked": {
        "lastModified": 1762189950,
        "narHash": "sha256-aotggLUXjlDGqKWibGPQcMZJGgdr79S21ISrv1Wz6RI=",
        "owner": "ipetkov",
        "repo": "crane",
        "rev": "50700219af884287ad7c85507e2f163b23a027a9",
        "type": "github"
      },
      "original": {
        "owner": "ipetkov",
        "repo": "crane",
        "type": "github"
      }
    },
    "cupcake": {
      "inputs": {
        "crane": "crane",
        "flake-utils": "flake-utils",
        "nixpkgs": [
          "cerberus",
          "nixpkgs"
        ],
        "rust-overlay": "rust-overlay"
      },
      "locked": {
        "lastModified": 1772471178,
        "narHash": "sha256-Is4JvhKaB3wEirC96bSEBgFymU9Y/DFiUZ87M9aXel8=",
        "owner": "eqtylab",
        "repo": "cupcake",
        "rev": "27b94b84f6cf555bfde5817deae323ee8cb00cea",
        "type": "github"
      },
      "original": {
        "owner": "eqtylab",
        "repo": "cupcake",
        "type": "github"
      }
    },
    "disko": {
      "inputs": {
        "nixpkgs": [
          "nixpkgs"
        ]
      },
      "locked": {
        "lastModified": 1781152676,
        "narHash": "sha256-RxWs5ND31KzTG7wvMM+PMfUjyNpmIEr999lqNARaM5o=",
        "ref": "refs/heads/master",
        "rev": "ff8702b4de27f72b4c78573dfb89ec74e36abdf1",
        "shallow": true,
        "type": "git",
        "url": "https://github.com/nix-community/disko.git"
      },
      "original": {
        "shallow": true,
        "type": "git",
        "url": "https://github.com/nix-community/disko.git"
      }
    },
    "flake-compat": {
      "flake": false,
      "locked": {
        "lastModified": 1767039857,
        "narHash": "sha256-vNpUSpF5Nuw8xvDLj2KCwwksIbjua2LZCqhV1LNRDns=",
        "owner": "NixOS",
        "repo": "flake-compat",
        "rev": "5edf11c44bc78a0d334f6334cdaf7d60d732daab",
        "type": "github"
      },
      "original": {
        "owner": "NixOS",
        "repo": "flake-compat",
        "type": "github"
      }
    },
    "flake-compat_2": {
      "locked": {
        "lastModified": 1761640442,
        "narHash": "sha256-AtrEP6Jmdvrqiv4x2xa5mrtaIp3OEe8uBYCDZDS+hu8=",
        "owner": "nix-community",
        "repo": "flake-compat",
        "rev": "4a56054d8ffc173222d09dad23adf4ba946c8884",
        "type": "github"
      },
      "original": {
        "owner": "nix-community",
        "repo": "flake-compat",
        "type": "github"
      }
    },
    "flake-compat_3": {
      "locked": {
        "lastModified": 1767039857,
        "narHash": "sha256-vNpUSpF5Nuw8xvDLj2KCwwksIbjua2LZCqhV1LNRDns=",
        "owner": "edolstra",
        "repo": "flake-compat",
        "rev": "5edf11c44bc78a0d334f6334cdaf7d60d732daab",
        "type": "github"
      },
      "original": {
        "owner": "edolstra",
        "repo": "flake-compat",
        "type": "github"
      }
    },
    "flake-parts": {
      "inputs": {
        "nixpkgs-lib": [
          "cosmic-manager",
          "nixpkgs"
        ]
      },
      "locked": {
        "lastModified": 1759362264,
        "narHash": "sha256-wfG0S7pltlYyZTM+qqlhJ7GMw2fTF4mLKCIVhLii/4M=",
        "owner": "hercules-ci",
        "repo": "flake-parts",
        "rev": "758cf7296bee11f1706a574c77d072b8a7baa881",
        "type": "github"
      },
      "original": {
        "owner": "hercules-ci",
        "repo": "flake-parts",
        "type": "github"
      }
    },
    "flake-parts_2": {
      "inputs": {
        "nixpkgs-lib": [
          "hermes-agent",
          "nixpkgs"
        ]
      },
      "locked": {
        "lastModified": 1782949081,
        "narHash": "sha256-vp6Y/Grm98ESt6ceOkWiHWyZRDV3J1RID4w+6NWK9yA=",
        "owner": "hercules-ci",
        "repo": "flake-parts",
        "rev": "17c9d6cdfc60c64f4ee8d306f9bc0b4ccb51481e",
        "type": "github"
      },
      "original": {
        "owner": "hercules-ci",
        "repo": "flake-parts",
        "type": "github"
      }
    },
    "flake-utils": {
      "inputs": {
        "systems": "systems"
      },
      "locked": {
        "lastModified": 1731533236,
        "narHash": "sha256-l0KFg5HjrsfsO/JpG+r7fRrqm12kzFHyUHqHCVpMMbI=",
        "owner": "numtide",
        "repo": "flake-utils",
        "rev": "11707dc2f618dd54ca8739b309ec4fc024de578b",
        "type": "github"
      },
      "original": {
        "owner": "numtide",
        "repo": "flake-utils",
        "type": "github"
      }
    },
    "git-hooks": {
      "inputs": {
        "flake-compat": "flake-compat",
        "nixpkgs": [
          "nixpkgs"
        ]
      },
      "locked": {
        "lastModified": 1788267358,
        "narHash": "sha256-nt+lUqYVpc9Y6JeMd2WmXzCDojasdadKo0mWcluvY2Y=",
        "ref": "refs/heads/master",
        "rev": "27555e2624241fb116b49095df4caaee85a25691",
        "shallow": true,
        "type": "git",
        "url": "https://github.com/cachix/git-hooks.nix.git"
      },
      "original": {
        "shallow": true,
        "type": "git",
        "url": "https://github.com/cachix/git-hooks.nix.git"
      }
    },
    "hermes-agent": {
      "inputs": {
        "flake-parts": "flake-parts_2",
        "home-manager": "home-manager",
        "nixpkgs": "nixpkgs",
        "npm-lockfile-fix": "npm-lockfile-fix",
        "pyproject-build-systems": "pyproject-build-systems",
        "pyproject-nix": "pyproject-nix",
        "uv2nix": "uv2nix"
      },
      "locked": {
        "lastModified": 1787832401,
        "narHash": "sha256-4EQ3GD5S3UHItPD/R/0WzSamkmtgDXM3AUq/MWZ7qMo=",
        "ref": "refs/tags/v2026.8.27",
        "rev": "5fc308a70719a83cccdbba4c0e39c23f5a8239d5",
        "shallow": true,
        "type": "git",
        "url": "https://github.com/NousResearch/hermes-agent.git"
      },
      "original": {
        "ref": "refs/tags/v2026.8.27",
        "shallow": true,
        "type": "git",
        "url": "https://github.com/NousResearch/hermes-agent.git"
      }
    },
    "home-manager": {
      "inputs": {
        "nixpkgs": [
          "hermes-agent",
          "nixpkgs"
        ]
      },
      "locked": {
        "lastModified": 1786487128,
        "narHash": "sha256-ad60hrRVhH/bo3Jl1YLzO+QcS3mUNZr9LNJdzhMO2P4=",
        "owner": "nix-community",
        "repo": "home-manager",
        "rev": "f404edbfa4117810c96b97048299242fc50e5362",
        "type": "github"
      },
      "original": {
        "owner": "nix-community",
        "repo": "home-manager",
        "type": "github"
      }
    },
    "home-manager_2": {
      "inputs": {
        "nixpkgs": [
          "nixpkgs"
        ]
      },
      "locked": {
        "lastModified": 1788651960,
        "narHash": "sha256-v9wJd32eZ2bvhBzVOd7TIjLQd011P7nwOhjKtWlci5I=",
        "ref": "refs/heads/master",
        "rev": "2c0350c759688177331b8f5242311fae8877bdb3",
        "shallow": true,
        "type": "git",
        "url": "https://github.com/nix-community/home-manager.git"
      },
      "original": {
        "shallow": true,
        "type": "git",
        "url": "https://github.com/nix-community/home-manager.git"
      }
    },
    "home-manager_3": {
      "inputs": {
        "nixpkgs": [
          "zen-browser",
          "nixpkgs"
        ]
      },
      "locked": {
        "lastModified": 1788229478,
        "narHash": "sha256-G0F2rFORVcFkEvVdE/qWQTnYekIc77YP5/vRF9nZlxU=",
        "owner": "nix-community",
        "repo": "home-manager",
        "rev": "1dc2d1f720ab17fc7981e087346bf54b26d284b1",
        "type": "github"
      },
      "original": {
        "owner": "nix-community",
        "repo": "home-manager",
        "type": "github"
      }
    },
    "nix-darwin": {
      "inputs": {
        "nixpkgs": [
          "nixpkgs"
        ]
      },
      "locked": {
        "lastModified": 1786845137,
        "narHash": "sha256-oQFip+v0luP8NIxJzmiW4Wu8bILsbFWom5l0zonl8hQ=",
        "ref": "refs/heads/master",
        "rev": "4cff07de74b50e64bdd68cd4e722ab5b6b35ee48",
        "shallow": true,
        "type": "git",
        "url": "https://github.com/nix-darwin/nix-darwin.git"
      },
      "original": {
        "shallow": true,
        "type": "git",
        "url": "https://github.com/nix-darwin/nix-darwin.git"
      }
    },
    "nix-index-database": {
      "inputs": {
        "nixpkgs": [
          "nixpkgs"
        ]
      },
      "locked": {
        "lastModified": 1788680125,
        "narHash": "sha256-amGSoDobwmp4CFvCn841ws2iuitus+HUJdD/gKgsrJA=",
        "ref": "refs/heads/main",
        "rev": "116ad1c2adb642405ef8916f6a94c8626f971344",
        "shallow": true,
        "type": "git",
        "url": "https://github.com/nix-community/nix-index-database.git"
      },
      "original": {
        "shallow": true,
        "type": "git",
        "url": "https://github.com/nix-community/nix-index-database.git"
      }
    },
    "nixos-apple-silicon": {
      "inputs": {
        "flake-compat": "flake-compat_2",
        "nixpkgs": [
          "nixpkgs"
        ]
      },
      "locked": {
        "lastModified": 1788381993,
        "narHash": "sha256-8P1xFFUhCHQT8+MI4x9DW7jIaDgBPEdTCwCiR+m1ohM=",
        "ref": "refs/heads/main",
        "rev": "fb602d1f8c6d83dd652fecc3f468328f8864f0c1",
        "shallow": true,
        "type": "git",
        "url": "https://github.com/nix-community/nixos-apple-silicon.git"
      },
      "original": {
        "shallow": true,
        "type": "git",
        "url": "https://github.com/nix-community/nixos-apple-silicon.git"
      }
    },
    "nixos-hardware": {
      "inputs": {
        "nixpkgs": [
          "nixpkgs"
        ]
      },
      "locked": {
        "lastModified": 1788860136,
        "narHash": "sha256-MhPMOFV4pVkygWEbQ8t1De/uQ9cWF1u++tRe2L5tG48=",
        "ref": "refs/heads/master",
        "rev": "62173785b9a18c78b4a15aca2623d02bceb9d077",
        "shallow": true,
        "type": "git",
        "url": "https://github.com/NixOS/nixos-hardware.git"
      },
      "original": {
        "shallow": true,
        "type": "git",
        "url": "https://github.com/NixOS/nixos-hardware.git"
      }
    },
    "nixos-images": {
      "inputs": {
        "nixos-stable": [
          "nixos-raspberrypi",
          "nixpkgs"
        ],
        "nixos-unstable": [
          "nixos-raspberrypi",
          "nixpkgs"
        ]
      },
      "locked": {
        "lastModified": 1747747741,
        "narHash": "sha256-LUOH27unNWbGTvZFitHonraNx0JF/55h30r9WxqrznM=",
        "owner": "nvmd",
        "repo": "nixos-images",
        "rev": "cbbd6db325775096680b65e2a32fb6187c09bbb4",
        "type": "github"
      },
      "original": {
        "owner": "nvmd",
        "ref": "sdimage-installer",
        "repo": "nixos-images",
        "type": "github"
      }
    },
    "nixos-raspberrypi": {
      "inputs": {
        "argononed": "argononed",
        "flake-compat": "flake-compat_3",
        "nixos-images": "nixos-images",
        "nixpkgs": "nixpkgs_2"
      },
      "locked": {
        "lastModified": 1788658752,
        "narHash": "sha256-gNPe4RUYMNTMIyxDDeUCTBUcmUFGUpHybC7IZrc6Fas=",
        "ref": "refs/heads/develop",
        "rev": "1c639b2e8c824704c5abfd772493392d9e6a261a",
        "shallow": true,
        "type": "git",
        "url": "https://github.com/nvmd/nixos-raspberrypi.git"
      },
      "original": {
        "shallow": true,
        "type": "git",
        "url": "https://github.com/nvmd/nixos-raspberrypi.git"
      }
    },
    "nixpkgs": {
      "locked": {
        "lastModified": 1785318670,
        "narHash": "sha256-dN6Ou5x/+23FZLEpYP3IffO+NyJFzUlGumt1uu3MMaY=",
        "owner": "NixOS",
        "repo": "nixpkgs",
        "rev": "0954f7ee2f6bb3dc7d4e3d0d8bcb8fd4bde4cfc5",
        "type": "github"
      },
      "original": {
        "owner": "NixOS",
        "ref": "nixos-unstable",
        "repo": "nixpkgs",
        "type": "github"
      }
    },
    "nixpkgs_2": {
      "locked": {
        "lastModified": 1788584326,
        "narHash": "sha256-Fd3OB8J9JhgliQwOKcqx4M672CInxi1I5VnwsaXeSQo=",
        "owner": "NixOS",
        "repo": "nixpkgs",
        "rev": "6713828a351efa628b025a1adf7f43cbf8597513",
        "type": "github"
      },
      "original": {
        "owner": "NixOS",
        "ref": "nixos-26.05",
        "repo": "nixpkgs",
        "type": "github"
      }
    },
    "nixpkgs_3": {
      "locked": {
        "lastModified": 1788752844,
        "narHash": "sha256-VaWGJ6+cIYN2erfSecbRV+4ljI185Ty2wUrXyvQbgOw=",
        "ref": "nixos-unstable",
        "rev": "dc5d91f840324650bac8c379428c7037a416959a",
        "shallow": true,
        "type": "git",
        "url": "https://github.com/NixOS/nixpkgs.git"
      },
      "original": {
        "ref": "nixos-unstable",
        "shallow": true,
        "type": "git",
        "url": "https://github.com/NixOS/nixpkgs.git"
      }
    },
    "npm-lockfile-fix": {
      "inputs": {
        "nixpkgs": [
          "hermes-agent",
          "nixpkgs"
        ]
      },
      "locked": {
        "lastModified": 1775903712,
        "narHash": "sha256-2GV79U6iVH4gKAPWYrxUReB0S41ty/Y3dBLquU8AlaA=",
        "owner": "jeslie0",
        "repo": "npm-lockfile-fix",
        "rev": "c6093acb0c0548e0f9b8b3d82918823721930fe8",
        "type": "github"
      },
      "original": {
        "owner": "jeslie0",
        "repo": "npm-lockfile-fix",
        "type": "github"
      }
    },
    "nvim": {
      "flake": false,
      "locked": {
        "lastModified": 1788496461,
        "narHash": "sha256-zZlvioVR98ZrlewxEflIScREPTDtl0M3lT4iu2mmgSg=",
        "ref": "refs/heads/develop",
        "rev": "13caafb0632014da4b5d1b0f3693ed5c874f8c5c",
        "shallow": true,
        "type": "git",
        "url": "https://github.com/ahokinson/nvim.git"
      },
      "original": {
        "shallow": true,
        "type": "git",
        "url": "https://github.com/ahokinson/nvim.git"
      }
    },
    "pharos": {
      "inputs": {
        "nixpkgs": [
          "nixpkgs"
        ]
      },
      "locked": {
        "lastModified": 1788572643,
        "narHash": "sha256-G7CDFUFeKHD+dnBTK3hB+m960rhAx28XRZD1951hgyE=",
        "ref": "refs/tags/v0.2.5",
        "rev": "06eca5397079fa2ef4d28544f1406221ba4e8d24",
        "shallow": true,
        "type": "git",
        "url": "https://github.com/ahokinson/pharos.git"
      },
      "original": {
        "ref": "refs/tags/v0.2.5",
        "shallow": true,
        "type": "git",
        "url": "https://github.com/ahokinson/pharos.git"
      }
    },
    "psyche": {
      "inputs": {
        "nixpkgs": [
          "nixpkgs"
        ]
      },
      "locked": {
        "lastModified": 1787806068,
        "narHash": "sha256-3dS9IU3faSI1PWlGgMJftcnSjMijSeoUeD9HzhyGfw8=",
        "ref": "refs/tags/v0.1.1",
        "rev": "83f6bc3c379c85f48df4c70cfcb072cecf6ecbd8",
        "shallow": true,
        "type": "git",
        "url": "https://github.com/ahokinson/psyche.git"
      },
      "original": {
        "ref": "refs/tags/v0.1.1",
        "shallow": true,
        "type": "git",
        "url": "https://github.com/ahokinson/psyche.git"
      }
    },
    "pyproject-build-systems": {
      "inputs": {
        "nixpkgs": [
          "hermes-agent",
          "nixpkgs"
        ],
        "pyproject-nix": [
          "hermes-agent",
          "pyproject-nix"
        ],
        "uv2nix": [
          "hermes-agent",
          "uv2nix"
        ]
      },
      "locked": {
        "lastModified": 1785115949,
        "narHash": "sha256-8AM37BfyGaL2v/SZyg4PupRxJ01Y4htvM+WrTjWrPpo=",
        "owner": "pyproject-nix",
        "repo": "build-system-pkgs",
        "rev": "62c0d86027edb1c4f39a5facc09876348144f7c9",
        "type": "github"
      },
      "original": {
        "owner": "pyproject-nix",
        "repo": "build-system-pkgs",
        "type": "github"
      }
    },
    "pyproject-nix": {
      "inputs": {
        "nixpkgs": [
          "hermes-agent",
          "nixpkgs"
        ]
      },
      "locked": {
        "lastModified": 1784591072,
        "narHash": "sha256-zP/WaDxrRu8GANZM61+V2LT/7ycEEdoyLWn7M6WzU7M=",
        "owner": "pyproject-nix",
        "repo": "pyproject.nix",
        "rev": "e3b599ca2e7fcf93d4edf65d7f19bbf6491724f3",
        "type": "github"
      },
      "original": {
        "owner": "pyproject-nix",
        "repo": "pyproject.nix",
        "type": "github"
      }
    },
    "reliquary": {
      "inputs": {
        "nixpkgs": [
          "nixpkgs"
        ]
      },
      "locked": {
        "lastModified": 1787809415,
        "narHash": "sha256-XaUKj1h2OfsQkgMSwnYvQf/vi1cqjnk3xypsInrGFq8=",
        "ref": "refs/tags/v0.1.4",
        "rev": "07f8cc969c6cb6f767c7d4858094157d443410d3",
        "shallow": true,
        "type": "git",
        "url": "https://github.com/ahokinson/reliquary.git"
      },
      "original": {
        "ref": "refs/tags/v0.1.4",
        "shallow": true,
        "type": "git",
        "url": "https://github.com/ahokinson/reliquary.git"
      }
    },
    "root": {
      "inputs": {
        "bloom": "bloom",
        "busy-nas": "busy-nas",
        "catppuccin": "catppuccin",
        "cerberus": "cerberus",
        "clipleaks": "clipleaks",
        "cosmic-manager": "cosmic-manager",
        "disko": "disko",
        "git-hooks": "git-hooks",
        "hermes-agent": "hermes-agent",
        "home-manager": "home-manager_2",
        "nix-darwin": "nix-darwin",
        "nix-index-database": "nix-index-database",
        "nixos-apple-silicon": "nixos-apple-silicon",
        "nixos-hardware": "nixos-hardware",
        "nixos-raspberrypi": "nixos-raspberrypi",
        "nixpkgs": "nixpkgs_3",
        "nvim": "nvim",
        "pharos": "pharos",
        "psyche": "psyche",
        "reliquary": "reliquary",
        "simple-icons": "simple-icons",
        "treefmt-nix": "treefmt-nix",
        "zen-browser": "zen-browser"
      }
    },
    "rust-overlay": {
      "inputs": {
        "nixpkgs": [
          "cerberus",
          "cupcake",
          "nixpkgs"
        ]
      },
      "locked": {
        "lastModified": 1762223900,
        "narHash": "sha256-caxpESVH71mdrdihYvQZ9rTZPZqW0GyEG9un7MgpyRM=",
        "owner": "oxalica",
        "repo": "rust-overlay",
        "rev": "cfe1598d69a42a5edb204770e71b8df77efef2c3",
        "type": "github"
      },
      "original": {
        "owner": "oxalica",
        "repo": "rust-overlay",
        "type": "github"
      }
    },
    "simple-icons": {
      "flake": false,
      "locked": {
        "lastModified": 1788656220,
        "narHash": "sha256-njfd6OSaVAQYbW+ZiPKiZ8rYEBSICdBBTEICbNkETjE=",
        "ref": "refs/heads/develop",
        "rev": "777807a262bb7384ff406fd4b35fdcd02e9514c3",
        "shallow": true,
        "type": "git",
        "url": "https://github.com/simple-icons/simple-icons.git"
      },
      "original": {
        "shallow": true,
        "type": "git",
        "url": "https://github.com/simple-icons/simple-icons.git"
      }
    },
    "systems": {
      "locked": {
        "lastModified": 1681028828,
        "narHash": "sha256-Vy1rq5AaRuLzOxct8nz4T6wlgyUR7zLU309k9mBC768=",
        "owner": "nix-systems",
        "repo": "default",
        "rev": "da67096a3b9bf56a91d16901293e51ba5b49a27e",
        "type": "github"
      },
      "original": {
        "owner": "nix-systems",
        "repo": "default",
        "type": "github"
      }
    },
    "treefmt-nix": {
      "inputs": {
        "nixpkgs": [
          "nixpkgs"
        ]
      },
      "locked": {
        "lastModified": 1786901030,
        "narHash": "sha256-WSFCsDSE5ffgD2MqzkM2CYjeFiKhRF/dJUN8uedb6YE=",
        "ref": "refs/heads/main",
        "rev": "27b3b12a8e6375f28ebe122f07d230ca5459bbfa",
        "shallow": true,
        "type": "git",
        "url": "https://github.com/numtide/treefmt-nix.git"
      },
      "original": {
        "shallow": true,
        "type": "git",
        "url": "https://github.com/numtide/treefmt-nix.git"
      }
    },
    "uv2nix": {
      "inputs": {
        "nixpkgs": [
          "hermes-agent",
          "nixpkgs"
        ],
        "pyproject-nix": [
          "hermes-agent",
          "pyproject-nix"
        ]
      },
      "locked": {
        "lastModified": 1785277507,
        "narHash": "sha256-9Tq3UDX2hD/aveW/HvkBlAmEwJTOlY5HQXJM+L5BGmE=",
        "owner": "pyproject-nix",
        "repo": "uv2nix",
        "rev": "5a836d395cbf5fc22670eb98dd4aa4fc4d406977",
        "type": "github"
      },
      "original": {
        "owner": "pyproject-nix",
        "repo": "uv2nix",
        "type": "github"
      }
    },
    "zen-browser": {
      "inputs": {
        "home-manager": "home-manager_3",
        "nixpkgs": [
          "nixpkgs"
        ]
      },
      "locked": {
        "lastModified": 1788864239,
        "narHash": "sha256-a2BIiekLSIgruRro3fXQgohmw3xlCFJBGW/TKK4x+E8=",
        "ref": "refs/heads/main",
        "rev": "018726119b87c9fb906857af802d3cbfbc10a46d",
        "shallow": true,
        "type": "git",
        "url": "https://github.com/0xc000022070/zen-browser-flake.git"
      },
      "original": {
        "shallow": true,
        "type": "git",
        "url": "https://github.com/0xc000022070/zen-browser-flake.git"
      }
    }
  },
  "root": "root",
  "version": 7
}
